// !$*UTF8*$!
{
	archiveVersion = 1;
	classes = {
	};
	objectVersion = 50;
	objects = {

/* Begin PBXBuildFile section */
		832841392158203E0030817D /* FoodPin.xcdatamodeld in Sources */ = {isa = PBXBuildFile; fileRef = 832841372158203E0030817D /* FoodPin.xcdatamodeld */; };
		8372F294213E278A00566116 /* AddRestaurantTableViewController.swift in Sources */ = {isa = PBXBuildFile; fileRef = 8372F293213E278A00566116 /* AddRestaurantTableViewController.swift */; };
		837A51C320DCA6AA002F8002 /* RestaurantDetailViewController.swift in Sources */ = {isa = PBXBuildFile; fileRef = 837A51C220DCA6AA002F8002 /* RestaurantDetailViewController.swift */; };
		837D3AA420D364130036901A /* AppDelegate.swift in Sources */ = {isa = PBXBuildFile; fileRef = 837D3AA320D364130036901A /* AppDelegate.swift */; };
		837D3AA920D364130036901A /* Main.storyboard in Resources */ = {isa = PBXBuildFile; fileRef = 837D3AA720D364130036901A /* Main.storyboard */; };
		837D3AAB20D364250036901A /* Assets.xcassets in Resources */ = {isa = PBXBuildFile; fileRef = 837D3AAA20D364250036901A /* Assets.xcassets */; };
		837D3AAE20D364250036901A /* LaunchScreen.storyboard in Resources */ = {isa = PBXBuildFile; fileRef = 837D3AAC20D364250036901A /* LaunchScreen.storyboard */; };
		837D3AB620D3680C0036901A /* RestaurantTableViewController.swift in Sources */ = {isa = PBXBuildFile; fileRef = 837D3AB520D3680C0036901A /* RestaurantTableViewController.swift */; };
		837D3AB820D423B40036901A /* RestaurantTableViewCell.swift in Sources */ = {isa = PBXBuildFile; fileRef = 837D3AB720D423B40036901A /* RestaurantTableViewCell.swift */; };
		8382356121252C7B00B9135C /* MapKit.framework in Frameworks */ = {isa = PBXBuildFile; fileRef = 8382356021252C7B00B9135C /* MapKit.framework */; };
		83AC76F0210CF9610066D243 /* ReviewViewController.swift in Sources */ = {isa = PBXBuildFile; fileRef = 83AC76EF210CF9610066D243 /* ReviewViewController.swift */; };
		83B816A920E1F219003D9A26 /* RestaurantDetailTableViewCell.swift in Sources */ = {isa = PBXBuildFile; fileRef = 83B816A820E1F219003D9A26 /* RestaurantDetailTableViewCell.swift */; };
		83D633A3213C9F3300FAE116 /* MapViewController.swift in Sources */ = {isa = PBXBuildFile; fileRef = 83D633A2213C9F3300FAE116 /* MapViewController.swift */; };
		83E40FFE20E09FE800ABCFC3 /* Restaurant.swift in Sources */ = {isa = PBXBuildFile; fileRef = 83E40FFD20E09FE800ABCFC3 /* Restaurant.swift */; };
/* End PBXBuildFile section */

/* Begin PBXFileReference section */
		832841382158203E0030817D /* FoodPin.xcdatamodel */ = {isa = PBXFileReference; lastKnownFileType = wrapper.xcdatamodel; path = FoodPin.xcdatamodel; sourceTree = "<group>"; };
		8372F293213E278A00566116 /* AddRestaurantTableViewController.swift */ = {isa = PBXFileReference; lastKnownFileType = sourcecode.swift; path = AddRestaurantTableViewController.swift; sourceTree = "<group>"; };
		837A51C220DCA6AA002F8002 /* RestaurantDetailViewController.swift */ = {isa = PBXFileReference; lastKnownFileType = sourcecode.swift; path = RestaurantDetailViewController.swift; sourceTree = "<group>"; };
		837D3AA020D364130036901A /* FoodPin.app */ = {isa = PBXFileReference; explicitFileType = wrapper.application; includeInIndex = 0; path = FoodPin.app; sourceTree = BUILT_PRODUCTS_DIR; };
		837D3AA320D364130036901A /* AppDelegate.swift */ = {isa = PBXFileReference; lastKnownFileType = sourcecode.swift; path = AppDelegate.swift; sourceTree = "<group>"; };
		837D3AA820D364130036901A /* Base */ = {isa = PBXFileReference; lastKnownFileType = file.storyboard; name = Base; path = Base.lproj/Main.storyboard; sourceTree = "<group>"; };
		837D3AAA20D364250036901A /* Assets.xcassets */ = {isa = PBXFileReference; lastKnownFileType = folder.assetcatalog; path = Assets.xcassets; sourceTree = "<group>"; };
		837D3AAD20D364250036901A /* Base */ = {isa = PBXFileReference; lastKnownFileType = file.storyboard; name = Base; path = Base.lproj/LaunchScreen.storyboard; sourceTree = "<group>"; };
		837D3AAF20D364250036901A /* Info.plist */ = {isa = PBXFileReference; lastKnownFileType = text.plist.xml; path = Info.plist; sourceTree = "<group>"; };
		837D3AB520D3680C0036901A /* RestaurantTableViewController.swift */ = {isa = PBXFileReference; lastKnownFileType = sourcecode.swift; path = RestaurantTableViewController.swift; sourceTree = "<group>"; };
		837D3AB720D423B40036901A /* RestaurantTableViewCell.swift */ = {isa = PBXFileReference; lastKnownFileType = sourcecode.swift; path = RestaurantTableViewCell.swift; sourceTree = "<group>"; };
		8382356021252C7B00B9135C /* MapKit.framework */ = {isa = PBXFileReference; lastKnownFileType = wrapper.framework; name = MapKit.framework; path = System/Library/Frameworks/MapKit.framework; sourceTree = SDKROOT; };
		83AC76EF210CF9610066D243 /* ReviewViewController.swift */ = {isa = PBXFileReference; lastKnownFileType = sourcecode.swift; path = ReviewViewController.swift; sourceTree = "<group>"; };
		83B816A820E1F219003D9A26 /* RestaurantDetailTableViewCell.swift */ = {isa = PBXFileReference; lastKnownFileType = sourcecode.swift; path = RestaurantDetailTableViewCell.swift; sourceTree = "<group>"; };
		83D633A2213C9F3300FAE116 /* MapViewController.swift */ = {isa = PBXFileReference; lastKnownFileType = sourcecode.swift; path = MapViewController.swift; sourceTree = "<group>"; };
		83E40FFD20E09FE800ABCFC3 /* Restaurant.swift */ = {isa = PBXFileReference; lastKnownFileType = sourcecode.swift; path = Restaurant.swift; sourceTree = "<group>"; };
/* End PBXFileReference section */

/* Begin PBXFrameworksBuildPhase section */
		837D3A9D20D364130036901A /* Frameworks */ = {
			isa = PBXFrameworksBuildPhase;
			buildActionMask = 2147483647;
			files = (
				8382356121252C7B00B9135C /* MapKit.framework in Frameworks */,
			);
			runOnlyForDeploymentPostprocessing = 0;
		};
/* End PBXFrameworksBuildPhase section */

/* Begin PBXGroup section */
		837D3A9720D364130036901A = {
			isa = PBXGroup;
			children = (
				837D3AA220D364130036901A /* FoodPin */,
				837D3AA120D364130036901A /* Products */,
				8382355F21252C7A00B9135C /* Frameworks */,
			);
			sourceTree = "<group>";
		};
		837D3AA120D364130036901A /* Products */ = {
			isa = PBXGroup;
			children = (
				837D3AA020D364130036901A /* FoodPin.app */,
			);
			name = Products;
			sourceTree = "<group>";
		};
		837D3AA220D364130036901A /* FoodPin */ = {
			isa = PBXGroup;
			children = (
				837D3AA320D364130036901A /* AppDelegate.swift */,
				837D3AB520D3680C0036901A /* RestaurantTableViewController.swift */,
				837D3AB720D423B40036901A /* RestaurantTableViewCell.swift */,
				837A51C220DCA6AA002F8002 /* RestaurantDetailViewController.swift */,
				837D3AA720D364130036901A /* Main.storyboard */,
				837D3AAA20D364250036901A /* Assets.xcassets */,
				837D3AAC20D364250036901A /* LaunchScreen.storyboard */,
				837D3AAF20D364250036901A /* Info.plist */,
				83E40FFD20E09FE800ABCFC3 /* Restaurant.swift */,
				83B816A820E1F219003D9A26 /* RestaurantDetailTableViewCell.swift */,
				83AC76EF210CF9610066D243 /* ReviewViewController.swift */,
				83D633A2213C9F3300FAE116 /* MapViewController.swift */,
				8372F293213E278A00566116 /* AddRestaurantTableViewController.swift */,
				832841372158203E0030817D /* FoodPin.xcdatamodeld */,
			);
			path = FoodPin;
			sourceTree = "<group>";
		};
		8382355F21252C7A00B9135C /* Frameworks */ = {
			isa = PBXGroup;
			children = (
				8382356021252C7B00B9135C /* MapKit.framework */,
			);
			name = Frameworks;
			sourceTree = "<group>";
		};
/* End PBXGroup section */

/* Begin PBXNativeTarget section */
		837D3A9F20D364130036901A /* FoodPin */ = {
			isa = PBXNativeTarget;
			buildConfigurationList = 837D3AB220D364250036901A /* Build configuration list for PBXNativeTarget "FoodPin" */;
			buildPhases = (
				837D3A9C20D364130036901A /* Sources */,
				837D3A9D20D364130036901A /* Frameworks */,
				837D3A9E20D364130036901A /* Resources */,
			);
			buildRules = (
			);
			dependencies = (
			);
			name = FoodPin;
			productName = FoodPin;
			productReference = 837D3AA020D364130036901A /* FoodPin.app */;
			productType = "com.apple.product-type.application";
		};
/* End PBXNativeTarget section */

/* Begin PBXProject section */
		837D3A9820D364130036901A /* Project object */ = {
			isa = PBXProject;
			attributes = {
				LastSwiftUpdateCheck = 0930;
				LastUpgradeCheck = 0930;
				ORGANIZATIONNAME = Rambar;
				TargetAttributes = {
					837D3A9F20D364130036901A = {
						CreatedOnToolsVersion = 9.3.1;
						SystemCapabilities = {
							com.apple.Maps.iOS = {
								enabled = 1;
							};
						};
					};
				};
			};
			buildConfigurationList = 837D3A9B20D364130036901A /* Build configuration list for PBXProject "FoodPin" */;
			compatibilityVersion = "Xcode 9.3";
			developmentRegion = en;
			hasScannedForEncodings = 0;
			knownRegions = (
				en,
				Base,
			);
			mainGroup = 837D3A9720D364130036901A;
			productRefGroup = 837D3AA120D364130036901A /* Products */;
			projectDirPath = "";
			projectRoot = "";
			targets = (
				837D3A9F20D364130036901A /* FoodPin */,
			);
		};
/* End PBXProject section */

/* Begin PBXResourcesBuildPhase section */
		837D3A9E20D364130036901A /* Resources */ = {
			isa = PBXResourcesBuildPhase;
			buildActionMask = 2147483647;
			files = (
				837D3AAE20D364250036901A /* LaunchScreen.storyboard in Resources */,
				837D3AAB20D364250036901A /* Assets.xcassets in Resources */,
				837D3AA920D364130036901A /* Main.storyboard in Resources */,
			);
			runOnlyForDeploymentPostprocessing = 0;
		};
/* End PBXResourcesBuildPhase section */

/* Begin PBXSourcesBuildPhase section */
		837D3A9C20D364130036901A /* Sources */ = {
			isa = PBXSourcesBuildPhase;
			buildActionMask = 2147483647;
			files = (
				83E40FFE20E09FE800ABCFC3 /* Restaurant.swift in Sources */,
				8372F294213E278A00566116 /* AddRestaurantTableViewController.swift in Sources */,
				837D3AB620D3680C0036901A /* RestaurantTableViewController.swift in Sources */,
				83AC76F0210CF9610066D243 /* ReviewViewController.swift in Sources */,
				837D3AB820D423B40036901A /* RestaurantTableViewCell.swift in Sources */,
				832841392158203E0030817D /* FoodPin.xcdatamodeld in Sources */,
				83B816A920E1F219003D9A26 /* RestaurantDetailTableViewCell.swift in Sources */,
				837A51C320DCA6AA002F8002 /* RestaurantDetailViewController.swift in Sources */,
				837D3AA420D364130036901A /* AppDelegate.swift in Sources */,
				83D633A3213C9F3300FAE116 /* MapViewController.swift in Sources */,
			);
			runOnlyForDeploymentPostprocessing = 0;
		};
/* End PBXSourcesBuildPhase section */

/* Begin PBXVariantGroup section */
		837D3AA720D364130036901A /* Main.storyboard */ = {
			isa = PBXVariantGroup;
			children = (
				837D3AA820D364130036901A /* Base */,
			);
			name = Main.storyboard;
			sourceTree = "<group>";
		};
		837D3AAC20D364250036901A /* LaunchScreen.storyboard */ = {
			isa = PBXVariantGroup;
			children = (
				837D3AAD20D364250036901A /* Base */,
			);
			name = LaunchScreen.storyboard;
			sourceTree = "<group>";
		};
/* End PBXVariantGroup section */

/* Begin XCBuildConfiguration section */
		837D3AB020D364250036901A /* Debug */ = {
			isa = XCBuildConfiguration;
			buildSettings = {
				ALWAYS_SEARCH_USER_PATHS = NO;
				CLANG_ANALYZER_NONNULL = YES;
				CLANG_ANALYZER_NUMBER_OBJECT_CONVERSION = YES_AGGRESSIVE;
				CLANG_CXX_LANGUAGE_STANDARD = "gnu++14";
				CLANG_CXX_LIBRARY = "libc++";
				CLANG_ENABLE_MODULES = YES;
				CLANG_ENABLE_OBJC_ARC = YES;
				CLANG_ENABLE_OBJC_WEAK = YES;
				CLANG_WARN_BLOCK_CAPTURE_AUTORELEASING = YES;
				CLANG_WARN_BOOL_CONVERSION = YES;
				CLANG_WARN_COMMA = YES;
				CLANG_WARN_CONSTANT_CONVERSION = YES;
				CLANG_WARN_DEPRECATED_OBJC_IMPLEMENTATIONS = YES;
				CLANG_WARN_DIRECT_OBJC_ISA_USAGE = YES_ERROR;
				CLANG_WARN_DOCUMENTATION_COMMENTS = YES;
				CLANG_WARN_EMPTY_BODY = YES;
				CLANG_WARN_ENUM_CONVERSION = YES;
				CLANG_WARN_INFINITE_RECURSION = YES;
				CLANG_WARN_INT_CONVERSION = YES;
				CLANG_WARN_NON_LITERAL_NULL_CONVERSION = YES;
				CLANG_WARN_OBJC_IMPLICIT_RETAIN_SELF = YES;
				CLANG_WARN_OBJC_LITERAL_CONVERSION = YES;
				CLANG_WARN_OBJC_ROOT_CLASS = YES_ERROR;
				CLANG_WARN_RANGE_LOOP_ANALYSIS = YES;
				CLANG_WARN_STRICT_PROTOTYPES = YES;
				CLANG_WARN_SUSPICIOUS_MOVE = YES;
				CLANG_WARN_UNGUARDED_AVAILABILITY = YES_AGGRESSIVE;
				CLANG_WARN_UNREACHABLE_CODE = YES;
				CLANG_WARN__DUPLICATE_METHOD_MATCH = YES;
				CODE_SIGN_IDENTITY = "iPhone Developer";
				COPY_PHASE_STRIP = NO;
				DEBUG_INFORMATION_FORMAT = dwarf;
				ENABLE_STRICT_OBJC_MSGSEND = YES;
				ENABLE_TESTABILITY = YES;
				GCC_C_LANGUAGE_STANDARD = gnu11;
				GCC_DYNAMIC_NO_PIC = NO;
				GCC_NO_COMMON_BLOCKS = YES;
				GCC_OPTIMIZATION_LEVEL = 0;
				GCC_PREPROCESSOR_DEFINITIONS = (
					"DEBUG=1",
					"$(inherited)",
				);
				GCC_WARN_64_TO_32_BIT_CONVERSION = YES;
				GCC_WARN_ABOUT_RETURN_TYPE = YES_ERROR;
				GCC_WARN_UNDECLARED_SELECTOR = YES;
				GCC_WARN_UNINITIALIZED_AUTOS = YES_AGGRESSIVE;
				GCC_WARN_UNUSED_FUNCTION = YES;
				GCC_WARN_UNUSED_VARIABLE = YES;
				IPHONEOS_DEPLOYMENT_TARGET = 11.3;
				MTL_ENABLE_DEBUG_INFO = YES;
				ONLY_ACTIVE_ARCH = YES;
				SDKROOT = iphoneos;
				SWIFT_ACTIVE_COMPILATION_CONDITIONS = DEBUG;
				SWIFT_OPTIMIZATION_LEVEL = "-Onone";
			};
			name = Debug;
		};
		837D3AB120D364250036901A /* Release */ = {
			isa = XCBuildConfiguration;
			buildSettings = {
				ALWAYS_SEARCH_USER_PATHS = NO;
				CLANG_ANALYZER_NONNULL = YES;
				CLANG_ANALYZER_NUMBER_OBJECT_CONVERSION = YES_AGGRESSIVE;
				CLANG_CXX_LANGUAGE_STANDARD = "gnu++14";
				CLANG_CXX_LIBRARY = "libc++";
				CLANG_ENABLE_MODULES = YES;
				CLANG_ENABLE_OBJC_ARC = YES;
				CLANG_ENABLE_OBJC_WEAK = YES;
				CLANG_WARN_BLOCK_CAPTURE_AUTORELEASING = YES;
				CLANG_WARN_BOOL_CONVERSION = YES;
				CLANG_WARN_COMMA = YES;
				CLANG_WARN_CONSTANT_CONVERSION = YES;
				CLANG_WARN_DEPRECATED_OBJC_IMPLEMENTATIONS = YES;
				CLANG_WARN_DIRECT_OBJC_ISA_USAGE = YES_ERROR;
				CLANG_WARN_DOCUMENTATION_COMMENTS = YES;
				CLANG_WARN_EMPTY_BODY = YES;
				CLANG_WARN_ENUM_CONVERSION = YES;
				CLANG_WARN_INFINITE_RECURSION = YES;
				CLANG_WARN_INT_CONVERSION = YES;
				CLANG_WARN_NON_LITERAL_NULL_CONVERSION = YES;
				CLANG_WARN_OBJC_IMPLICIT_RETAIN_SELF = YES;
				CLANG_WARN_OBJC_LITERAL_CONVERSION = YES;
				CLANG_WARN_OBJC_ROOT_CLASS = YES_ERROR;
				CLANG_WARN_RANGE_LOOP_ANALYSIS = YES;
				CLANG_WARN_STRICT_PROTOTYPES = YES;
				CLANG_WARN_SUSPICIOUS_MOVE = YES;
				CLANG_WARN_UNGUARDED_AVAILABILITY = YES_AGGRESSIVE;
				CLANG_WARN_UNREACHABLE_CODE = YES;
				CLANG_WARN__DUPLICATE_METHOD_MATCH = YES;
				CODE_SIGN_IDENTITY = "iPhone Developer";
				COPY_PHASE_STRIP = NO;
				DEBUG_INFORMATION_FORMAT = "dwarf-with-dsym";
				ENABLE_NS_ASSERTIONS = NO;
				ENABLE_STRICT_OBJC_MSGSEND = YES;
				GCC_C_LANGUAGE_STANDARD = gnu11;
				GCC_NO_COMMON_BLOCKS = YES;
				GCC_WARN_64_TO_32_BIT_CONVERSION = YES;
				GCC_WARN_ABOUT_RETURN_TYPE = YES_ERROR;
				GCC_WARN_UNDECLARED_SELECTOR = YES;
				GCC_WARN_UNINITIALIZED_AUTOS = YES_AGGRESSIVE;
				GCC_WARN_UNUSED_FUNCTION = YES;
				GCC_WARN_UNUSED_VARIABLE = YES;
				IPHONEOS_DEPLOYMENT_TARGET = 11.3;
				MTL_ENABLE_DEBUG_INFO = NO;
				SDKROOT = iphoneos;
				SWIFT_COMPILATION_MODE = wholemodule;
				SWIFT_OPTIMIZATION_LEVEL = "-O";
				VALIDATE_PRODUCT = YES;
			};
			name = Release;
		};
		837D3AB320D364250036901A /* Debug */ = {
			isa = XCBuildConfiguration;
			buildSettings = {
				ASSETCATALOG_COMPILER_APPICON_NAME = AppIcon;
				CODE_SIGN_STYLE = Automatic;
				DEVELOPMENT_TEAM = RVGY2L9A9G;
				INFOPLIST_FILE = FoodPin/Info.plist;
				IPHONEOS_DEPLOYMENT_TARGET = 10.3;
				LD_RUNPATH_SEARCH_PATHS = (
					"$(inherited)",
					"@executable_path/Frameworks",
				);
				PRODUCT_BUNDLE_IDENTIFIER = com.rambar.FoodPin;
				PRODUCT_NAME = "$(TARGET_NAME)";
				SWIFT_VERSION = 4.0;
				TARGETED_DEVICE_FAMILY = "1,2";
			};
			name = Debug;
		};
		837D3AB420D364250036901A /* Release */ = {
			isa = XCBuildConfiguration;
			buildSettings = {
				ASSETCATALOG_COMPILER_APPICON_NAME = AppIcon;
				CODE_SIGN_STYLE = Automatic;
				DEVELOPMENT_TEAM = RVGY2L9A9G;
				INFOPLIST_FILE = FoodPin/Info.plist;
				IPHONEOS_DEPLOYMENT_TARGET = 10.3;
				LD_RUNPATH_SEARCH_PATHS = (
					"$(inherited)",
					"@executable_path/Frameworks",
				);
				PRODUCT_BUNDLE_IDENTIFIER = com.rambar.FoodPin;
				PRODUCT_NAME = "$(TARGET_NAME)";
				SWIFT_VERSION = 4.0;
				TARGETED_DEVICE_FAMILY = "1,2";
			};
			name = Release;
		};
/* End XCBuildConfiguration section */

/* Begin XCConfigurationList section */
		837D3A9B20D364130036901A /* Build configuration list for PBXProject "FoodPin" */ = {
			isa = XCConfigurationList;
			buildConfigurations = (
				837D3AB020D364250036901A /* Debug */,
				837D3AB120D364250036901A /* Release */,
			);
			defaultConfigurationIsVisible = 0;
			defaultConfigurationName = Release;
		};
		837D3AB220D364250036901A /* Build configuration list for PBXNativeTarget "FoodPin" */ = {
			isa = XCConfigurationList;
			buildConfigurations = (
				837D3AB320D364250036901A /* Debug */,
				837D3AB420D364250036901A /* Release */,
			);
			defaultConfigurationIsVisible = 0;
			defaultConfigurationName = Release;
		};
/* End XCConfigurationList section */

/* Begin XCVersionGroup section */
		832841372158203E0030817D /* FoodPin.xcdatamodeld */ = {
			isa = XCVersionGroup;
			children = (
				832841382158203E0030817D /* FoodPin.xcdatamodel */,
			);
			currentVersion = 832841382158203E0030817D /* FoodPin.xcdatamodel */;
			path = FoodPin.xcdatamodeld;
			sourceTree = "<group>";
			versionGroupType = wrapper.xcdatamodel;
		};
/* End XCVersionGroup section */
	};
	rootObject = 837D3A9820D364130036901A /* Project object */;
}
